
Microsoft Visual Studio Solution File, Format Version 12.00
# Visual Studio Version 17
VisualStudioVersion = 17.14.36414.22 d17.14
MinimumVisualStudioVersion = 10.0.40219.1
Project("{FAE04EC0-301F-11D3-BF4B-00C04F79EFBC}") = "ExcelValidator", "ExcelValidator.csproj", "{F1E6A454-127B-4003-ADED-D9EB032F9A4B}"
EndProject
Global
	GlobalSection(SolutionConfigurationPlatforms) = preSolution
		Debug|Any CPU = Debug|Any CPU
		Release|Any CPU = Release|Any CPU
	EndGlobalSection
	GlobalSection(ProjectConfigurationPlatforms) = postSolution
		{F1E6A454-127B-4003-ADED-D9EB032F9A4B}.Debug|Any CPU.ActiveCfg = Debug|Any CPU
		{F1E6A454-127B-4003-ADED-D9EB032F9A4B}.Debug|Any CPU.Build.0 = Debug|Any CPU
		{F1E6A454-127B-4003-ADED-D9EB032F9A4B}.Release|Any CPU.ActiveCfg = Release|Any CPU
		{F1E6A454-127B-4003-ADED-D9EB032F9A4B}.Release|Any CPU.Build.0 = Release|Any CPU
	EndGlobalSection
	GlobalSection(SolutionProperties) = preSolution
		HideSolutionNode = FALSE
	EndGlobalSection
	GlobalSection(ExtensibilityGlobals) = postSolution
		SolutionGuid = {02F6F098-3ECB-419A-B16A-BE08BBDB6EB9}
	EndGlobalSection
EndGlobal
